
Microsoft Visual Studio Solution File, Format Version 12.00
# Visual Studio 14
VisualStudioVersion = 14.0.24720.0
MinimumVisualStudioVersion = 10.0.40219.1
Project("{FAE04EC0-301F-11D3-BF4B-00C04F79EFBC}") = "Chronoir_net.SPADA", "SPADA\Chronoir_net.SPADA.csproj", "{7BD029C4-596A-47DD-B8AE-D3B7AC905979}"
EndProject
Project("{FAE04EC0-301F-11D3-BF4B-00C04F79EFBC}") = "SPADA_Test", "SPADA_Test\SPADA_Test.csproj", "{7878BCF4-D423-4318-8FD5-F5FAF597E0DF}"
EndProject
Project("{FAE04EC0-301F-11D3-BF4B-00C04F79EFBC}") = "UnitTestProject1", "UnitTestProject1\UnitTestProject1.csproj", "{B75BABFE-CD21-4257-8B30-D5ED0349195C}"
EndProject
Global
	GlobalSection(SolutionConfigurationPlatforms) = preSolution
		Debug|Any CPU = Debug|Any CPU
		Release|Any CPU = Release|Any CPU
	EndGlobalSection
	GlobalSection(ProjectConfigurationPlatforms) = postSolution
		{7BD029C4-596A-47DD-B8AE-D3B7AC905979}.Debug|Any CPU.ActiveCfg = Debug|Any CPU
		{7BD029C4-596A-47DD-B8AE-D3B7AC905979}.Debug|Any CPU.Build.0 = Debug|Any CPU
		{7BD029C4-596A-47DD-B8AE-D3B7AC905979}.Release|Any CPU.ActiveCfg = Release|Any CPU
		{7BD029C4-596A-47DD-B8AE-D3B7AC905979}.Release|Any CPU.Build.0 = Release|Any CPU
		{7878BCF4-D423-4318-8FD5-F5FAF597E0DF}.Debug|Any CPU.ActiveCfg = Debug|Any CPU
		{7878BCF4-D423-4318-8FD5-F5FAF597E0DF}.Debug|Any CPU.Build.0 = Debug|Any CPU
		{7878BCF4-D423-4318-8FD5-F5FAF597E0DF}.Release|Any CPU.ActiveCfg = Release|Any CPU
		{7878BCF4-D423-4318-8FD5-F5FAF597E0DF}.Release|Any CPU.Build.0 = Release|Any CPU
		{B75BABFE-CD21-4257-8B30-D5ED0349195C}.Debug|Any CPU.ActiveCfg = Debug|Any CPU
		{B75BABFE-CD21-4257-8B30-D5ED0349195C}.Debug|Any CPU.Build.0 = Debug|Any CPU
		{B75BABFE-CD21-4257-8B30-D5ED0349195C}.Release|Any CPU.ActiveCfg = Release|Any CPU
		{B75BABFE-CD21-4257-8B30-D5ED0349195C}.Release|Any CPU.Build.0 = Release|Any CPU
	EndGlobalSection
	GlobalSection(SolutionProperties) = preSolution
		HideSolutionNode = FALSE
	EndGlobalSection
EndGlobal
