
Microsoft Visual Studio Solution File, Format Version 12.00
# Visual Studio Version 16
VisualStudioVersion = 16.0.29009.5
MinimumVisualStudioVersion = 10.0.40219.1
Project("{FAE04EC0-301F-11D3-BF4B-00C04F79EFBC}") = "Chronoir_net.SPADA", "SPADA\Chronoir_net.SPADA.csproj", "{7BD029C4-596A-47DD-B8AE-D3B7AC905979}"
EndProject
Project("{FAE04EC0-301F-11D3-BF4B-00C04F79EFBC}") = "SPADA_Test", "SPADA_Test\SPADA_Test.csproj", "{7878BCF4-D423-4318-8FD5-F5FAF597E0DF}"
EndProject
Project("{FAE04EC0-301F-11D3-BF4B-00C04F79EFBC}") = "UnitTestProject1", "UnitTestProject1\UnitTestProject1.csproj", "{B75BABFE-CD21-4257-8B30-D5ED0349195C}"
EndProject
Project("{FAE04EC0-301F-11D3-BF4B-00C04F79EFBC}") = "Chronoir_net.XSPADA", "Chronoir_net.XSPADA\Chronoir_net.XSPADA.csproj", "{16C50B96-BB7B-4718-9776-323CEBC78C2A}"
EndProject
Project("{FAE04EC0-301F-11D3-BF4B-00C04F79EFBC}") = "Chronoir_net.UniSPADA", "Chronoir_net.UniSPADA\Chronoir_net.UniSPADA.csproj", "{705234DC-95F7-4652-87F1-BB976DACEA5C}"
EndProject
Project("{FAE04EC0-301F-11D3-BF4B-00C04F79EFBC}") = "UniSPADA_Test", "UniSPADA_Test\UniSPADA_Test.csproj", "{70FF9299-90B3-4D6C-BE01-D3EF051735D1}"
EndProject
Project("{FAE04EC0-301F-11D3-BF4B-00C04F79EFBC}") = "XSPADA_Test.Droid", "XSPADA_Test\XSPADA_Test.Droid\XSPADA_Test.Droid.csproj", "{140737E3-020B-4642-80B4-D167020CC2A8}"
EndProject
Project("{FAE04EC0-301F-11D3-BF4B-00C04F79EFBC}") = "XSPADA_Test.iOS", "XSPADA_Test\XSPADA_Test.iOS\XSPADA_Test.iOS.csproj", "{33318E10-0148-47C4-B45F-6ECD5A2AFC2D}"
EndProject
Project("{D954291E-2A0B-460D-934E-DC6B0785DB48}") = "XSPADA_Test", "XSPADA_Test\XSPADA_Test\XSPADA_Test.shproj", "{72FFF5EC-C813-4F7B-BDAB-354355F9442C}"
EndProject
Project("{2150E333-8FDC-42A3-9474-1A3956D46DE8}") = "XSPADA_Test2", "XSPADA_Test2", "{D712E719-37C6-498B-9B87-8F9017A026D8}"
EndProject
Project("{D954291E-2A0B-460D-934E-DC6B0785DB48}") = "XSPADA_Test2.Shared", "XSPADA_Test2\XSPADA_Test2.Shared\XSPADA_Test2.Shared.shproj", "{5FB43763-5FF7-4415-9E56-5E8700653D8E}"
EndProject
Project("{FAE04EC0-301F-11D3-BF4B-00C04F79EFBC}") = "XSPADA_Test2.Windows", "XSPADA_Test2\XSPADA_Test2.Windows\XSPADA_Test2.Windows.csproj", "{4E27A6FF-3BB0-442B-856F-807800035201}"
EndProject
Project("{FAE04EC0-301F-11D3-BF4B-00C04F79EFBC}") = "XSPADA_Test2.WindowsPhone", "XSPADA_Test2\XSPADA_Test2.WindowsPhone\XSPADA_Test2.WindowsPhone.csproj", "{0B5DA5AD-8D24-4ED3-B0C0-369BD838B241}"
EndProject
Project("{FAE04EC0-301F-11D3-BF4B-00C04F79EFBC}") = "Chronoir_net.SPADAS", "Chronoir_net.SPADAS\Chronoir_net.SPADAS.csproj", "{6FAC03C7-8782-49D2-8AF0-D493814B04E9}"
EndProject
Global
	GlobalSection(SharedMSBuildProjectFiles) = preSolution
		XSPADA_Test2\XSPADA_Test2.Shared\XSPADA_Test2.Shared.projitems*{0b5da5ad-8d24-4ed3-b0c0-369bd838b241}*SharedItemsImports = 4
		XSPADA_Test\XSPADA_Test\XSPADA_Test.projitems*{140737e3-020b-4642-80b4-d167020cc2a8}*SharedItemsImports = 4
		XSPADA_Test\XSPADA_Test\XSPADA_Test.projitems*{33318e10-0148-47c4-b45f-6ecd5a2afc2d}*SharedItemsImports = 4
		XSPADA_Test2\XSPADA_Test2.Shared\XSPADA_Test2.Shared.projitems*{4e27a6ff-3bb0-442b-856f-807800035201}*SharedItemsImports = 4
		XSPADA_Test2\XSPADA_Test2.Shared\XSPADA_Test2.Shared.projitems*{5fb43763-5ff7-4415-9e56-5e8700653d8e}*SharedItemsImports = 13
		XSPADA_Test\XSPADA_Test\XSPADA_Test.projitems*{72fff5ec-c813-4f7b-bdab-354355f9442c}*SharedItemsImports = 13
	EndGlobalSection
	GlobalSection(SolutionConfigurationPlatforms) = preSolution
		Ad-Hoc|Any CPU = Ad-Hoc|Any CPU
		Ad-Hoc|ARM = Ad-Hoc|ARM
		Ad-Hoc|iPhone = Ad-Hoc|iPhone
		Ad-Hoc|iPhoneSimulator = Ad-Hoc|iPhoneSimulator
		Ad-Hoc|x64 = Ad-Hoc|x64
		Ad-Hoc|x86 = Ad-Hoc|x86
		AppStore|Any CPU = AppStore|Any CPU
		AppStore|ARM = AppStore|ARM
		AppStore|iPhone = AppStore|iPhone
		AppStore|iPhoneSimulator = AppStore|iPhoneSimulator
		AppStore|x64 = AppStore|x64
		AppStore|x86 = AppStore|x86
		Debug|Any CPU = Debug|Any CPU
		Debug|ARM = Debug|ARM
		Debug|iPhone = Debug|iPhone
		Debug|iPhoneSimulator = Debug|iPhoneSimulator
		Debug|x64 = Debug|x64
		Debug|x86 = Debug|x86
		Release|Any CPU = Release|Any CPU
		Release|ARM = Release|ARM
		Release|iPhone = Release|iPhone
		Release|iPhoneSimulator = Release|iPhoneSimulator
		Release|x64 = Release|x64
		Release|x86 = Release|x86
	EndGlobalSection
	GlobalSection(ProjectConfigurationPlatforms) = postSolution
		{7BD029C4-596A-47DD-B8AE-D3B7AC905979}.Ad-Hoc|Any CPU.ActiveCfg = Release|Any CPU
		{7BD029C4-596A-47DD-B8AE-D3B7AC905979}.Ad-Hoc|Any CPU.Build.0 = Release|Any CPU
		{7BD029C4-596A-47DD-B8AE-D3B7AC905979}.Ad-Hoc|ARM.ActiveCfg = Release|Any CPU
		{7BD029C4-596A-47DD-B8AE-D3B7AC905979}.Ad-Hoc|ARM.Build.0 = Release|Any CPU
		{7BD029C4-596A-47DD-B8AE-D3B7AC905979}.Ad-Hoc|iPhone.ActiveCfg = Release|Any CPU
		{7BD029C4-596A-47DD-B8AE-D3B7AC905979}.Ad-Hoc|iPhone.Build.0 = Release|Any CPU
		{7BD029C4-596A-47DD-B8AE-D3B7AC905979}.Ad-Hoc|iPhoneSimulator.ActiveCfg = Release|Any CPU
		{7BD029C4-596A-47DD-B8AE-D3B7AC905979}.Ad-Hoc|iPhoneSimulator.Build.0 = Release|Any CPU
		{7BD029C4-596A-47DD-B8AE-D3B7AC905979}.Ad-Hoc|x64.ActiveCfg = Release|Any CPU
		{7BD029C4-596A-47DD-B8AE-D3B7AC905979}.Ad-Hoc|x64.Build.0 = Release|Any CPU
		{7BD029C4-596A-47DD-B8AE-D3B7AC905979}.Ad-Hoc|x86.ActiveCfg = Release|Any CPU
		{7BD029C4-596A-47DD-B8AE-D3B7AC905979}.Ad-Hoc|x86.Build.0 = Release|Any CPU
		{7BD029C4-596A-47DD-B8AE-D3B7AC905979}.AppStore|Any CPU.ActiveCfg = Release|Any CPU
		{7BD029C4-596A-47DD-B8AE-D3B7AC905979}.AppStore|Any CPU.Build.0 = Release|Any CPU
		{7BD029C4-596A-47DD-B8AE-D3B7AC905979}.AppStore|ARM.ActiveCfg = Release|Any CPU
		{7BD029C4-596A-47DD-B8AE-D3B7AC905979}.AppStore|ARM.Build.0 = Release|Any CPU
		{7BD029C4-596A-47DD-B8AE-D3B7AC905979}.AppStore|iPhone.ActiveCfg = Release|Any CPU
		{7BD029C4-596A-47DD-B8AE-D3B7AC905979}.AppStore|iPhone.Build.0 = Release|Any CPU
		{7BD029C4-596A-47DD-B8AE-D3B7AC905979}.AppStore|iPhoneSimulator.ActiveCfg = Release|Any CPU
		{7BD029C4-596A-47DD-B8AE-D3B7AC905979}.AppStore|iPhoneSimulator.Build.0 = Release|Any CPU
		{7BD029C4-596A-47DD-B8AE-D3B7AC905979}.AppStore|x64.ActiveCfg = Release|Any CPU
		{7BD029C4-596A-47DD-B8AE-D3B7AC905979}.AppStore|x64.Build.0 = Release|Any CPU
		{7BD029C4-596A-47DD-B8AE-D3B7AC905979}.AppStore|x86.ActiveCfg = Release|Any CPU
		{7BD029C4-596A-47DD-B8AE-D3B7AC905979}.AppStore|x86.Build.0 = Release|Any CPU
		{7BD029C4-596A-47DD-B8AE-D3B7AC905979}.Debug|Any CPU.ActiveCfg = Debug|Any CPU
		{7BD029C4-596A-47DD-B8AE-D3B7AC905979}.Debug|Any CPU.Build.0 = Debug|Any CPU
		{7BD029C4-596A-47DD-B8AE-D3B7AC905979}.Debug|ARM.ActiveCfg = Debug|Any CPU
		{7BD029C4-596A-47DD-B8AE-D3B7AC905979}.Debug|ARM.Build.0 = Debug|Any CPU
		{7BD029C4-596A-47DD-B8AE-D3B7AC905979}.Debug|iPhone.ActiveCfg = Debug|Any CPU
		{7BD029C4-596A-47DD-B8AE-D3B7AC905979}.Debug|iPhone.Build.0 = Debug|Any CPU
		{7BD029C4-596A-47DD-B8AE-D3B7AC905979}.Debug|iPhoneSimulator.ActiveCfg = Debug|Any CPU
		{7BD029C4-596A-47DD-B8AE-D3B7AC905979}.Debug|iPhoneSimulator.Build.0 = Debug|Any CPU
		{7BD029C4-596A-47DD-B8AE-D3B7AC905979}.Debug|x64.ActiveCfg = Debug|Any CPU
		{7BD029C4-596A-47DD-B8AE-D3B7AC905979}.Debug|x64.Build.0 = Debug|Any CPU
		{7BD029C4-596A-47DD-B8AE-D3B7AC905979}.Debug|x86.ActiveCfg = Debug|Any CPU
		{7BD029C4-596A-47DD-B8AE-D3B7AC905979}.Debug|x86.Build.0 = Debug|Any CPU
		{7BD029C4-596A-47DD-B8AE-D3B7AC905979}.Release|Any CPU.ActiveCfg = Release|Any CPU
		{7BD029C4-596A-47DD-B8AE-D3B7AC905979}.Release|Any CPU.Build.0 = Release|Any CPU
		{7BD029C4-596A-47DD-B8AE-D3B7AC905979}.Release|ARM.ActiveCfg = Release|Any CPU
		{7BD029C4-596A-47DD-B8AE-D3B7AC905979}.Release|ARM.Build.0 = Release|Any CPU
		{7BD029C4-596A-47DD-B8AE-D3B7AC905979}.Release|iPhone.ActiveCfg = Release|Any CPU
		{7BD029C4-596A-47DD-B8AE-D3B7AC905979}.Release|iPhone.Build.0 = Release|Any CPU
		{7BD029C4-596A-47DD-B8AE-D3B7AC905979}.Release|iPhoneSimulator.ActiveCfg = Release|Any CPU
		{7BD029C4-596A-47DD-B8AE-D3B7AC905979}.Release|iPhoneSimulator.Build.0 = Release|Any CPU
		{7BD029C4-596A-47DD-B8AE-D3B7AC905979}.Release|x64.ActiveCfg = Release|Any CPU
		{7BD029C4-596A-47DD-B8AE-D3B7AC905979}.Release|x64.Build.0 = Release|Any CPU
		{7BD029C4-596A-47DD-B8AE-D3B7AC905979}.Release|x86.ActiveCfg = Release|Any CPU
		{7BD029C4-596A-47DD-B8AE-D3B7AC905979}.Release|x86.Build.0 = Release|Any CPU
		{7878BCF4-D423-4318-8FD5-F5FAF597E0DF}.Ad-Hoc|Any CPU.ActiveCfg = Release|Any CPU
		{7878BCF4-D423-4318-8FD5-F5FAF597E0DF}.Ad-Hoc|Any CPU.Build.0 = Release|Any CPU
		{7878BCF4-D423-4318-8FD5-F5FAF597E0DF}.Ad-Hoc|ARM.ActiveCfg = Release|Any CPU
		{7878BCF4-D423-4318-8FD5-F5FAF597E0DF}.Ad-Hoc|ARM.Build.0 = Release|Any CPU
		{7878BCF4-D423-4318-8FD5-F5FAF597E0DF}.Ad-Hoc|iPhone.ActiveCfg = Release|Any CPU
		{7878BCF4-D423-4318-8FD5-F5FAF597E0DF}.Ad-Hoc|iPhone.Build.0 = Release|Any CPU
		{7878BCF4-D423-4318-8FD5-F5FAF597E0DF}.Ad-Hoc|iPhoneSimulator.ActiveCfg = Release|Any CPU
		{7878BCF4-D423-4318-8FD5-F5FAF597E0DF}.Ad-Hoc|iPhoneSimulator.Build.0 = Release|Any CPU
		{7878BCF4-D423-4318-8FD5-F5FAF597E0DF}.Ad-Hoc|x64.ActiveCfg = Release|Any CPU
		{7878BCF4-D423-4318-8FD5-F5FAF597E0DF}.Ad-Hoc|x64.Build.0 = Release|Any CPU
		{7878BCF4-D423-4318-8FD5-F5FAF597E0DF}.Ad-Hoc|x86.ActiveCfg = Release|Any CPU
		{7878BCF4-D423-4318-8FD5-F5FAF597E0DF}.Ad-Hoc|x86.Build.0 = Release|Any CPU
		{7878BCF4-D423-4318-8FD5-F5FAF597E0DF}.AppStore|Any CPU.ActiveCfg = Release|Any CPU
		{7878BCF4-D423-4318-8FD5-F5FAF597E0DF}.AppStore|Any CPU.Build.0 = Release|Any CPU
		{7878BCF4-D423-4318-8FD5-F5FAF597E0DF}.AppStore|ARM.ActiveCfg = Release|Any CPU
		{7878BCF4-D423-4318-8FD5-F5FAF597E0DF}.AppStore|ARM.Build.0 = Release|Any CPU
		{7878BCF4-D423-4318-8FD5-F5FAF597E0DF}.AppStore|iPhone.ActiveCfg = Release|Any CPU
		{7878BCF4-D423-4318-8FD5-F5FAF597E0DF}.AppStore|iPhone.Build.0 = Release|Any CPU
		{7878BCF4-D423-4318-8FD5-F5FAF597E0DF}.AppStore|iPhoneSimulator.ActiveCfg = Release|Any CPU
		{7878BCF4-D423-4318-8FD5-F5FAF597E0DF}.AppStore|iPhoneSimulator.Build.0 = Release|Any CPU
		{7878BCF4-D423-4318-8FD5-F5FAF597E0DF}.AppStore|x64.ActiveCfg = Release|Any CPU
		{7878BCF4-D423-4318-8FD5-F5FAF597E0DF}.AppStore|x64.Build.0 = Release|Any CPU
		{7878BCF4-D423-4318-8FD5-F5FAF597E0DF}.AppStore|x86.ActiveCfg = Release|Any CPU
		{7878BCF4-D423-4318-8FD5-F5FAF597E0DF}.AppStore|x86.Build.0 = Release|Any CPU
		{7878BCF4-D423-4318-8FD5-F5FAF597E0DF}.Debug|Any CPU.ActiveCfg = Debug|Any CPU
		{7878BCF4-D423-4318-8FD5-F5FAF597E0DF}.Debug|Any CPU.Build.0 = Debug|Any CPU
		{7878BCF4-D423-4318-8FD5-F5FAF597E0DF}.Debug|ARM.ActiveCfg = Debug|Any CPU
		{7878BCF4-D423-4318-8FD5-F5FAF597E0DF}.Debug|ARM.Build.0 = Debug|Any CPU
		{7878BCF4-D423-4318-8FD5-F5FAF597E0DF}.Debug|iPhone.ActiveCfg = Debug|Any CPU
		{7878BCF4-D423-4318-8FD5-F5FAF597E0DF}.Debug|iPhone.Build.0 = Debug|Any CPU
		{7878BCF4-D423-4318-8FD5-F5FAF597E0DF}.Debug|iPhoneSimulator.ActiveCfg = Debug|Any CPU
		{7878BCF4-D423-4318-8FD5-F5FAF597E0DF}.Debug|iPhoneSimulator.Build.0 = Debug|Any CPU
		{7878BCF4-D423-4318-8FD5-F5FAF597E0DF}.Debug|x64.ActiveCfg = Debug|Any CPU
		{7878BCF4-D423-4318-8FD5-F5FAF597E0DF}.Debug|x64.Build.0 = Debug|Any CPU
		{7878BCF4-D423-4318-8FD5-F5FAF597E0DF}.Debug|x86.ActiveCfg = Debug|Any CPU
		{7878BCF4-D423-4318-8FD5-F5FAF597E0DF}.Debug|x86.Build.0 = Debug|Any CPU
		{7878BCF4-D423-4318-8FD5-F5FAF597E0DF}.Release|Any CPU.ActiveCfg = Release|Any CPU
		{7878BCF4-D423-4318-8FD5-F5FAF597E0DF}.Release|Any CPU.Build.0 = Release|Any CPU
		{7878BCF4-D423-4318-8FD5-F5FAF597E0DF}.Release|ARM.ActiveCfg = Release|Any CPU
		{7878BCF4-D423-4318-8FD5-F5FAF597E0DF}.Release|ARM.Build.0 = Release|Any CPU
		{7878BCF4-D423-4318-8FD5-F5FAF597E0DF}.Release|iPhone.ActiveCfg = Release|Any CPU
		{7878BCF4-D423-4318-8FD5-F5FAF597E0DF}.Release|iPhone.Build.0 = Release|Any CPU
		{7878BCF4-D423-4318-8FD5-F5FAF597E0DF}.Release|iPhoneSimulator.ActiveCfg = Release|Any CPU
		{7878BCF4-D423-4318-8FD5-F5FAF597E0DF}.Release|iPhoneSimulator.Build.0 = Release|Any CPU
		{7878BCF4-D423-4318-8FD5-F5FAF597E0DF}.Release|x64.ActiveCfg = Release|Any CPU
		{7878BCF4-D423-4318-8FD5-F5FAF597E0DF}.Release|x64.Build.0 = Release|Any CPU
		{7878BCF4-D423-4318-8FD5-F5FAF597E0DF}.Release|x86.ActiveCfg = Release|Any CPU
		{7878BCF4-D423-4318-8FD5-F5FAF597E0DF}.Release|x86.Build.0 = Release|Any CPU
		{B75BABFE-CD21-4257-8B30-D5ED0349195C}.Ad-Hoc|Any CPU.ActiveCfg = Release|Any CPU
		{B75BABFE-CD21-4257-8B30-D5ED0349195C}.Ad-Hoc|Any CPU.Build.0 = Release|Any CPU
		{B75BABFE-CD21-4257-8B30-D5ED0349195C}.Ad-Hoc|ARM.ActiveCfg = Release|Any CPU
		{B75BABFE-CD21-4257-8B30-D5ED0349195C}.Ad-Hoc|ARM.Build.0 = Release|Any CPU
		{B75BABFE-CD21-4257-8B30-D5ED0349195C}.Ad-Hoc|iPhone.ActiveCfg = Release|Any CPU
		{B75BABFE-CD21-4257-8B30-D5ED0349195C}.Ad-Hoc|iPhone.Build.0 = Release|Any CPU
		{B75BABFE-CD21-4257-8B30-D5ED0349195C}.Ad-Hoc|iPhoneSimulator.ActiveCfg = Release|Any CPU
		{B75BABFE-CD21-4257-8B30-D5ED0349195C}.Ad-Hoc|iPhoneSimulator.Build.0 = Release|Any CPU
		{B75BABFE-CD21-4257-8B30-D5ED0349195C}.Ad-Hoc|x64.ActiveCfg = Release|Any CPU
		{B75BABFE-CD21-4257-8B30-D5ED0349195C}.Ad-Hoc|x64.Build.0 = Release|Any CPU
		{B75BABFE-CD21-4257-8B30-D5ED0349195C}.Ad-Hoc|x86.ActiveCfg = Release|Any CPU
		{B75BABFE-CD21-4257-8B30-D5ED0349195C}.Ad-Hoc|x86.Build.0 = Release|Any CPU
		{B75BABFE-CD21-4257-8B30-D5ED0349195C}.AppStore|Any CPU.ActiveCfg = Release|Any CPU
		{B75BABFE-CD21-4257-8B30-D5ED0349195C}.AppStore|Any CPU.Build.0 = Release|Any CPU
		{B75BABFE-CD21-4257-8B30-D5ED0349195C}.AppStore|ARM.ActiveCfg = Release|Any CPU
		{B75BABFE-CD21-4257-8B30-D5ED0349195C}.AppStore|ARM.Build.0 = Release|Any CPU
		{B75BABFE-CD21-4257-8B30-D5ED0349195C}.AppStore|iPhone.ActiveCfg = Release|Any CPU
		{B75BABFE-CD21-4257-8B30-D5ED0349195C}.AppStore|iPhone.Build.0 = Release|Any CPU
		{B75BABFE-CD21-4257-8B30-D5ED0349195C}.AppStore|iPhoneSimulator.ActiveCfg = Release|Any CPU
		{B75BABFE-CD21-4257-8B30-D5ED0349195C}.AppStore|iPhoneSimulator.Build.0 = Release|Any CPU
		{B75BABFE-CD21-4257-8B30-D5ED0349195C}.AppStore|x64.ActiveCfg = Release|Any CPU
		{B75BABFE-CD21-4257-8B30-D5ED0349195C}.AppStore|x64.Build.0 = Release|Any CPU
		{B75BABFE-CD21-4257-8B30-D5ED0349195C}.AppStore|x86.ActiveCfg = Release|Any CPU
		{B75BABFE-CD21-4257-8B30-D5ED0349195C}.AppStore|x86.Build.0 = Release|Any CPU
		{B75BABFE-CD21-4257-8B30-D5ED0349195C}.Debug|Any CPU.ActiveCfg = Debug|Any CPU
		{B75BABFE-CD21-4257-8B30-D5ED0349195C}.Debug|Any CPU.Build.0 = Debug|Any CPU
		{B75BABFE-CD21-4257-8B30-D5ED0349195C}.Debug|ARM.ActiveCfg = Debug|Any CPU
		{B75BABFE-CD21-4257-8B30-D5ED0349195C}.Debug|ARM.Build.0 = Debug|Any CPU
		{B75BABFE-CD21-4257-8B30-D5ED0349195C}.Debug|iPhone.ActiveCfg = Debug|Any CPU
		{B75BABFE-CD21-4257-8B30-D5ED0349195C}.Debug|iPhone.Build.0 = Debug|Any CPU
		{B75BABFE-CD21-4257-8B30-D5ED0349195C}.Debug|iPhoneSimulator.ActiveCfg = Debug|Any CPU
		{B75BABFE-CD21-4257-8B30-D5ED0349195C}.Debug|iPhoneSimulator.Build.0 = Debug|Any CPU
		{B75BABFE-CD21-4257-8B30-D5ED0349195C}.Debug|x64.ActiveCfg = Debug|Any CPU
		{B75BABFE-CD21-4257-8B30-D5ED0349195C}.Debug|x64.Build.0 = Debug|Any CPU
		{B75BABFE-CD21-4257-8B30-D5ED0349195C}.Debug|x86.ActiveCfg = Debug|Any CPU
		{B75BABFE-CD21-4257-8B30-D5ED0349195C}.Debug|x86.Build.0 = Debug|Any CPU
		{B75BABFE-CD21-4257-8B30-D5ED0349195C}.Release|Any CPU.ActiveCfg = Release|Any CPU
		{B75BABFE-CD21-4257-8B30-D5ED0349195C}.Release|Any CPU.Build.0 = Release|Any CPU
		{B75BABFE-CD21-4257-8B30-D5ED0349195C}.Release|ARM.ActiveCfg = Release|Any CPU
		{B75BABFE-CD21-4257-8B30-D5ED0349195C}.Release|ARM.Build.0 = Release|Any CPU
		{B75BABFE-CD21-4257-8B30-D5ED0349195C}.Release|iPhone.ActiveCfg = Release|Any CPU
		{B75BABFE-CD21-4257-8B30-D5ED0349195C}.Release|iPhone.Build.0 = Release|Any CPU
		{B75BABFE-CD21-4257-8B30-D5ED0349195C}.Release|iPhoneSimulator.ActiveCfg = Release|Any CPU
		{B75BABFE-CD21-4257-8B30-D5ED0349195C}.Release|iPhoneSimulator.Build.0 = Release|Any CPU
		{B75BABFE-CD21-4257-8B30-D5ED0349195C}.Release|x64.ActiveCfg = Release|Any CPU
		{B75BABFE-CD21-4257-8B30-D5ED0349195C}.Release|x64.Build.0 = Release|Any CPU
		{B75BABFE-CD21-4257-8B30-D5ED0349195C}.Release|x86.ActiveCfg = Release|Any CPU
		{B75BABFE-CD21-4257-8B30-D5ED0349195C}.Release|x86.Build.0 = Release|Any CPU
		{16C50B96-BB7B-4718-9776-323CEBC78C2A}.Ad-Hoc|Any CPU.ActiveCfg = Release|Any CPU
		{16C50B96-BB7B-4718-9776-323CEBC78C2A}.Ad-Hoc|Any CPU.Build.0 = Release|Any CPU
		{16C50B96-BB7B-4718-9776-323CEBC78C2A}.Ad-Hoc|ARM.ActiveCfg = Release|Any CPU
		{16C50B96-BB7B-4718-9776-323CEBC78C2A}.Ad-Hoc|ARM.Build.0 = Release|Any CPU
		{16C50B96-BB7B-4718-9776-323CEBC78C2A}.Ad-Hoc|iPhone.ActiveCfg = Release|Any CPU
		{16C50B96-BB7B-4718-9776-323CEBC78C2A}.Ad-Hoc|iPhone.Build.0 = Release|Any CPU
		{16C50B96-BB7B-4718-9776-323CEBC78C2A}.Ad-Hoc|iPhoneSimulator.ActiveCfg = Release|Any CPU
		{16C50B96-BB7B-4718-9776-323CEBC78C2A}.Ad-Hoc|iPhoneSimulator.Build.0 = Release|Any CPU
		{16C50B96-BB7B-4718-9776-323CEBC78C2A}.Ad-Hoc|x64.ActiveCfg = Release|Any CPU
		{16C50B96-BB7B-4718-9776-323CEBC78C2A}.Ad-Hoc|x64.Build.0 = Release|Any CPU
		{16C50B96-BB7B-4718-9776-323CEBC78C2A}.Ad-Hoc|x86.ActiveCfg = Release|Any CPU
		{16C50B96-BB7B-4718-9776-323CEBC78C2A}.Ad-Hoc|x86.Build.0 = Release|Any CPU
		{16C50B96-BB7B-4718-9776-323CEBC78C2A}.AppStore|Any CPU.ActiveCfg = Release|Any CPU
		{16C50B96-BB7B-4718-9776-323CEBC78C2A}.AppStore|Any CPU.Build.0 = Release|Any CPU
		{16C50B96-BB7B-4718-9776-323CEBC78C2A}.AppStore|ARM.ActiveCfg = Release|Any CPU
		{16C50B96-BB7B-4718-9776-323CEBC78C2A}.AppStore|ARM.Build.0 = Release|Any CPU
		{16C50B96-BB7B-4718-9776-323CEBC78C2A}.AppStore|iPhone.ActiveCfg = Release|Any CPU
		{16C50B96-BB7B-4718-9776-323CEBC78C2A}.AppStore|iPhone.Build.0 = Release|Any CPU
		{16C50B96-BB7B-4718-9776-323CEBC78C2A}.AppStore|iPhoneSimulator.ActiveCfg = Release|Any CPU
		{16C50B96-BB7B-4718-9776-323CEBC78C2A}.AppStore|iPhoneSimulator.Build.0 = Release|Any CPU
		{16C50B96-BB7B-4718-9776-323CEBC78C2A}.AppStore|x64.ActiveCfg = Release|Any CPU
		{16C50B96-BB7B-4718-9776-323CEBC78C2A}.AppStore|x64.Build.0 = Release|Any CPU
		{16C50B96-BB7B-4718-9776-323CEBC78C2A}.AppStore|x86.ActiveCfg = Release|Any CPU
		{16C50B96-BB7B-4718-9776-323CEBC78C2A}.AppStore|x86.Build.0 = Release|Any CPU
		{16C50B96-BB7B-4718-9776-323CEBC78C2A}.Debug|Any CPU.ActiveCfg = Debug|Any CPU
		{16C50B96-BB7B-4718-9776-323CEBC78C2A}.Debug|Any CPU.Build.0 = Debug|Any CPU
		{16C50B96-BB7B-4718-9776-323CEBC78C2A}.Debug|ARM.ActiveCfg = Debug|Any CPU
		{16C50B96-BB7B-4718-9776-323CEBC78C2A}.Debug|ARM.Build.0 = Debug|Any CPU
		{16C50B96-BB7B-4718-9776-323CEBC78C2A}.Debug|iPhone.ActiveCfg = Debug|Any CPU
		{16C50B96-BB7B-4718-9776-323CEBC78C2A}.Debug|iPhone.Build.0 = Debug|Any CPU
		{16C50B96-BB7B-4718-9776-323CEBC78C2A}.Debug|iPhoneSimulator.ActiveCfg = Debug|Any CPU
		{16C50B96-BB7B-4718-9776-323CEBC78C2A}.Debug|iPhoneSimulator.Build.0 = Debug|Any CPU
		{16C50B96-BB7B-4718-9776-323CEBC78C2A}.Debug|x64.ActiveCfg = Debug|Any CPU
		{16C50B96-BB7B-4718-9776-323CEBC78C2A}.Debug|x64.Build.0 = Debug|Any CPU
		{16C50B96-BB7B-4718-9776-323CEBC78C2A}.Debug|x86.ActiveCfg = Debug|Any CPU
		{16C50B96-BB7B-4718-9776-323CEBC78C2A}.Debug|x86.Build.0 = Debug|Any CPU
		{16C50B96-BB7B-4718-9776-323CEBC78C2A}.Release|Any CPU.ActiveCfg = Release|Any CPU
		{16C50B96-BB7B-4718-9776-323CEBC78C2A}.Release|Any CPU.Build.0 = Release|Any CPU
		{16C50B96-BB7B-4718-9776-323CEBC78C2A}.Release|ARM.ActiveCfg = Release|Any CPU
		{16C50B96-BB7B-4718-9776-323CEBC78C2A}.Release|ARM.Build.0 = Release|Any CPU
		{16C50B96-BB7B-4718-9776-323CEBC78C2A}.Release|iPhone.ActiveCfg = Release|Any CPU
		{16C50B96-BB7B-4718-9776-323CEBC78C2A}.Release|iPhone.Build.0 = Release|Any CPU
		{16C50B96-BB7B-4718-9776-323CEBC78C2A}.Release|iPhoneSimulator.ActiveCfg = Release|Any CPU
		{16C50B96-BB7B-4718-9776-323CEBC78C2A}.Release|iPhoneSimulator.Build.0 = Release|Any CPU
		{16C50B96-BB7B-4718-9776-323CEBC78C2A}.Release|x64.ActiveCfg = Release|Any CPU
		{16C50B96-BB7B-4718-9776-323CEBC78C2A}.Release|x64.Build.0 = Release|Any CPU
		{16C50B96-BB7B-4718-9776-323CEBC78C2A}.Release|x86.ActiveCfg = Release|Any CPU
		{16C50B96-BB7B-4718-9776-323CEBC78C2A}.Release|x86.Build.0 = Release|Any CPU
		{705234DC-95F7-4652-87F1-BB976DACEA5C}.Ad-Hoc|Any CPU.ActiveCfg = Release|Any CPU
		{705234DC-95F7-4652-87F1-BB976DACEA5C}.Ad-Hoc|Any CPU.Build.0 = Release|Any CPU
		{705234DC-95F7-4652-87F1-BB976DACEA5C}.Ad-Hoc|ARM.ActiveCfg = Release|ARM
		{705234DC-95F7-4652-87F1-BB976DACEA5C}.Ad-Hoc|ARM.Build.0 = Release|ARM
		{705234DC-95F7-4652-87F1-BB976DACEA5C}.Ad-Hoc|iPhone.ActiveCfg = Release|Any CPU
		{705234DC-95F7-4652-87F1-BB976DACEA5C}.Ad-Hoc|iPhone.Build.0 = Release|Any CPU
		{705234DC-95F7-4652-87F1-BB976DACEA5C}.Ad-Hoc|iPhoneSimulator.ActiveCfg = Release|Any CPU
		{705234DC-95F7-4652-87F1-BB976DACEA5C}.Ad-Hoc|iPhoneSimulator.Build.0 = Release|Any CPU
		{705234DC-95F7-4652-87F1-BB976DACEA5C}.Ad-Hoc|x64.ActiveCfg = Release|x64
		{705234DC-95F7-4652-87F1-BB976DACEA5C}.Ad-Hoc|x64.Build.0 = Release|x64
		{705234DC-95F7-4652-87F1-BB976DACEA5C}.Ad-Hoc|x86.ActiveCfg = Release|x86
		{705234DC-95F7-4652-87F1-BB976DACEA5C}.Ad-Hoc|x86.Build.0 = Release|x86
		{705234DC-95F7-4652-87F1-BB976DACEA5C}.AppStore|Any CPU.ActiveCfg = Release|Any CPU
		{705234DC-95F7-4652-87F1-BB976DACEA5C}.AppStore|Any CPU.Build.0 = Release|Any CPU
		{705234DC-95F7-4652-87F1-BB976DACEA5C}.AppStore|ARM.ActiveCfg = Release|ARM
		{705234DC-95F7-4652-87F1-BB976DACEA5C}.AppStore|ARM.Build.0 = Release|ARM
		{705234DC-95F7-4652-87F1-BB976DACEA5C}.AppStore|iPhone.ActiveCfg = Release|Any CPU
		{705234DC-95F7-4652-87F1-BB976DACEA5C}.AppStore|iPhone.Build.0 = Release|Any CPU
		{705234DC-95F7-4652-87F1-BB976DACEA5C}.AppStore|iPhoneSimulator.ActiveCfg = Release|Any CPU
		{705234DC-95F7-4652-87F1-BB976DACEA5C}.AppStore|iPhoneSimulator.Build.0 = Release|Any CPU
		{705234DC-95F7-4652-87F1-BB976DACEA5C}.AppStore|x64.ActiveCfg = Release|x64
		{705234DC-95F7-4652-87F1-BB976DACEA5C}.AppStore|x64.Build.0 = Release|x64
		{705234DC-95F7-4652-87F1-BB976DACEA5C}.AppStore|x86.ActiveCfg = Release|x86
		{705234DC-95F7-4652-87F1-BB976DACEA5C}.AppStore|x86.Build.0 = Release|x86
		{705234DC-95F7-4652-87F1-BB976DACEA5C}.Debug|Any CPU.ActiveCfg = Debug|Any CPU
		{705234DC-95F7-4652-87F1-BB976DACEA5C}.Debug|Any CPU.Build.0 = Debug|Any CPU
		{705234DC-95F7-4652-87F1-BB976DACEA5C}.Debug|ARM.ActiveCfg = Debug|ARM
		{705234DC-95F7-4652-87F1-BB976DACEA5C}.Debug|ARM.Build.0 = Debug|ARM
		{705234DC-95F7-4652-87F1-BB976DACEA5C}.Debug|iPhone.ActiveCfg = Debug|Any CPU
		{705234DC-95F7-4652-87F1-BB976DACEA5C}.Debug|iPhone.Build.0 = Debug|Any CPU
		{705234DC-95F7-4652-87F1-BB976DACEA5C}.Debug|iPhoneSimulator.ActiveCfg = Debug|Any CPU
		{705234DC-95F7-4652-87F1-BB976DACEA5C}.Debug|iPhoneSimulator.Build.0 = Debug|Any CPU
		{705234DC-95F7-4652-87F1-BB976DACEA5C}.Debug|x64.ActiveCfg = Debug|x64
		{705234DC-95F7-4652-87F1-BB976DACEA5C}.Debug|x64.Build.0 = Debug|x64
		{705234DC-95F7-4652-87F1-BB976DACEA5C}.Debug|x86.ActiveCfg = Debug|x86
		{705234DC-95F7-4652-87F1-BB976DACEA5C}.Debug|x86.Build.0 = Debug|x86
		{705234DC-95F7-4652-87F1-BB976DACEA5C}.Release|Any CPU.ActiveCfg = Release|Any CPU
		{705234DC-95F7-4652-87F1-BB976DACEA5C}.Release|Any CPU.Build.0 = Release|Any CPU
		{705234DC-95F7-4652-87F1-BB976DACEA5C}.Release|ARM.ActiveCfg = Release|ARM
		{705234DC-95F7-4652-87F1-BB976DACEA5C}.Release|ARM.Build.0 = Release|ARM
		{705234DC-95F7-4652-87F1-BB976DACEA5C}.Release|iPhone.ActiveCfg = Release|Any CPU
		{705234DC-95F7-4652-87F1-BB976DACEA5C}.Release|iPhone.Build.0 = Release|Any CPU
		{705234DC-95F7-4652-87F1-BB976DACEA5C}.Release|iPhoneSimulator.ActiveCfg = Release|Any CPU
		{705234DC-95F7-4652-87F1-BB976DACEA5C}.Release|iPhoneSimulator.Build.0 = Release|Any CPU
		{705234DC-95F7-4652-87F1-BB976DACEA5C}.Release|x64.ActiveCfg = Release|x64
		{705234DC-95F7-4652-87F1-BB976DACEA5C}.Release|x64.Build.0 = Release|x64
		{705234DC-95F7-4652-87F1-BB976DACEA5C}.Release|x86.ActiveCfg = Release|x86
		{705234DC-95F7-4652-87F1-BB976DACEA5C}.Release|x86.Build.0 = Release|x86
		{70FF9299-90B3-4D6C-BE01-D3EF051735D1}.Ad-Hoc|Any CPU.ActiveCfg = Release|x64
		{70FF9299-90B3-4D6C-BE01-D3EF051735D1}.Ad-Hoc|Any CPU.Build.0 = Release|x64
		{70FF9299-90B3-4D6C-BE01-D3EF051735D1}.Ad-Hoc|Any CPU.Deploy.0 = Release|x64
		{70FF9299-90B3-4D6C-BE01-D3EF051735D1}.Ad-Hoc|ARM.ActiveCfg = Release|ARM
		{70FF9299-90B3-4D6C-BE01-D3EF051735D1}.Ad-Hoc|ARM.Build.0 = Release|ARM
		{70FF9299-90B3-4D6C-BE01-D3EF051735D1}.Ad-Hoc|ARM.Deploy.0 = Release|ARM
		{70FF9299-90B3-4D6C-BE01-D3EF051735D1}.Ad-Hoc|iPhone.ActiveCfg = Release|x64
		{70FF9299-90B3-4D6C-BE01-D3EF051735D1}.Ad-Hoc|iPhone.Build.0 = Release|x64
		{70FF9299-90B3-4D6C-BE01-D3EF051735D1}.Ad-Hoc|iPhone.Deploy.0 = Release|x64
		{70FF9299-90B3-4D6C-BE01-D3EF051735D1}.Ad-Hoc|iPhoneSimulator.ActiveCfg = Release|x64
		{70FF9299-90B3-4D6C-BE01-D3EF051735D1}.Ad-Hoc|iPhoneSimulator.Build.0 = Release|x64
		{70FF9299-90B3-4D6C-BE01-D3EF051735D1}.Ad-Hoc|iPhoneSimulator.Deploy.0 = Release|x64
		{70FF9299-90B3-4D6C-BE01-D3EF051735D1}.Ad-Hoc|x64.ActiveCfg = Release|x64
		{70FF9299-90B3-4D6C-BE01-D3EF051735D1}.Ad-Hoc|x64.Build.0 = Release|x64
		{70FF9299-90B3-4D6C-BE01-D3EF051735D1}.Ad-Hoc|x64.Deploy.0 = Release|x64
		{70FF9299-90B3-4D6C-BE01-D3EF051735D1}.Ad-Hoc|x86.ActiveCfg = Release|x86
		{70FF9299-90B3-4D6C-BE01-D3EF051735D1}.Ad-Hoc|x86.Build.0 = Release|x86
		{70FF9299-90B3-4D6C-BE01-D3EF051735D1}.Ad-Hoc|x86.Deploy.0 = Release|x86
		{70FF9299-90B3-4D6C-BE01-D3EF051735D1}.AppStore|Any CPU.ActiveCfg = Release|x64
		{70FF9299-90B3-4D6C-BE01-D3EF051735D1}.AppStore|Any CPU.Build.0 = Release|x64
		{70FF9299-90B3-4D6C-BE01-D3EF051735D1}.AppStore|Any CPU.Deploy.0 = Release|x64
		{70FF9299-90B3-4D6C-BE01-D3EF051735D1}.AppStore|ARM.ActiveCfg = Release|ARM
		{70FF9299-90B3-4D6C-BE01-D3EF051735D1}.AppStore|ARM.Build.0 = Release|ARM
		{70FF9299-90B3-4D6C-BE01-D3EF051735D1}.AppStore|ARM.Deploy.0 = Release|ARM
		{70FF9299-90B3-4D6C-BE01-D3EF051735D1}.AppStore|iPhone.ActiveCfg = Release|x64
		{70FF9299-90B3-4D6C-BE01-D3EF051735D1}.AppStore|iPhone.Build.0 = Release|x64
		{70FF9299-90B3-4D6C-BE01-D3EF051735D1}.AppStore|iPhone.Deploy.0 = Release|x64
		{70FF9299-90B3-4D6C-BE01-D3EF051735D1}.AppStore|iPhoneSimulator.ActiveCfg = Release|x64
		{70FF9299-90B3-4D6C-BE01-D3EF051735D1}.AppStore|iPhoneSimulator.Build.0 = Release|x64
		{70FF9299-90B3-4D6C-BE01-D3EF051735D1}.AppStore|iPhoneSimulator.Deploy.0 = Release|x64
		{70FF9299-90B3-4D6C-BE01-D3EF051735D1}.AppStore|x64.ActiveCfg = Release|x64
		{70FF9299-90B3-4D6C-BE01-D3EF051735D1}.AppStore|x64.Build.0 = Release|x64
		{70FF9299-90B3-4D6C-BE01-D3EF051735D1}.AppStore|x64.Deploy.0 = Release|x64
		{70FF9299-90B3-4D6C-BE01-D3EF051735D1}.AppStore|x86.ActiveCfg = Release|x86
		{70FF9299-90B3-4D6C-BE01-D3EF051735D1}.AppStore|x86.Build.0 = Release|x86
		{70FF9299-90B3-4D6C-BE01-D3EF051735D1}.AppStore|x86.Deploy.0 = Release|x86
		{70FF9299-90B3-4D6C-BE01-D3EF051735D1}.Debug|Any CPU.ActiveCfg = Debug|x86
		{70FF9299-90B3-4D6C-BE01-D3EF051735D1}.Debug|Any CPU.Build.0 = Debug|x86
		{70FF9299-90B3-4D6C-BE01-D3EF051735D1}.Debug|Any CPU.Deploy.0 = Debug|x86
		{70FF9299-90B3-4D6C-BE01-D3EF051735D1}.Debug|ARM.ActiveCfg = Debug|ARM
		{70FF9299-90B3-4D6C-BE01-D3EF051735D1}.Debug|ARM.Build.0 = Debug|ARM
		{70FF9299-90B3-4D6C-BE01-D3EF051735D1}.Debug|ARM.Deploy.0 = Debug|ARM
		{70FF9299-90B3-4D6C-BE01-D3EF051735D1}.Debug|iPhone.ActiveCfg = Debug|x86
		{70FF9299-90B3-4D6C-BE01-D3EF051735D1}.Debug|iPhoneSimulator.ActiveCfg = Debug|x86
		{70FF9299-90B3-4D6C-BE01-D3EF051735D1}.Debug|x64.ActiveCfg = Debug|x64
		{70FF9299-90B3-4D6C-BE01-D3EF051735D1}.Debug|x64.Build.0 = Debug|x64
		{70FF9299-90B3-4D6C-BE01-D3EF051735D1}.Debug|x64.Deploy.0 = Debug|x64
		{70FF9299-90B3-4D6C-BE01-D3EF051735D1}.Debug|x86.ActiveCfg = Debug|x86
		{70FF9299-90B3-4D6C-BE01-D3EF051735D1}.Debug|x86.Build.0 = Debug|x86
		{70FF9299-90B3-4D6C-BE01-D3EF051735D1}.Debug|x86.Deploy.0 = Debug|x86
		{70FF9299-90B3-4D6C-BE01-D3EF051735D1}.Release|Any CPU.ActiveCfg = Release|x86
		{70FF9299-90B3-4D6C-BE01-D3EF051735D1}.Release|ARM.ActiveCfg = Release|ARM
		{70FF9299-90B3-4D6C-BE01-D3EF051735D1}.Release|ARM.Build.0 = Release|ARM
		{70FF9299-90B3-4D6C-BE01-D3EF051735D1}.Release|ARM.Deploy.0 = Release|ARM
		{70FF9299-90B3-4D6C-BE01-D3EF051735D1}.Release|iPhone.ActiveCfg = Release|x86
		{70FF9299-90B3-4D6C-BE01-D3EF051735D1}.Release|iPhoneSimulator.ActiveCfg = Release|x86
		{70FF9299-90B3-4D6C-BE01-D3EF051735D1}.Release|x64.ActiveCfg = Release|x64
		{70FF9299-90B3-4D6C-BE01-D3EF051735D1}.Release|x64.Build.0 = Release|x64
		{70FF9299-90B3-4D6C-BE01-D3EF051735D1}.Release|x64.Deploy.0 = Release|x64
		{70FF9299-90B3-4D6C-BE01-D3EF051735D1}.Release|x86.ActiveCfg = Release|x86
		{70FF9299-90B3-4D6C-BE01-D3EF051735D1}.Release|x86.Build.0 = Release|x86
		{70FF9299-90B3-4D6C-BE01-D3EF051735D1}.Release|x86.Deploy.0 = Release|x86
		{140737E3-020B-4642-80B4-D167020CC2A8}.Ad-Hoc|Any CPU.ActiveCfg = Release|Any CPU
		{140737E3-020B-4642-80B4-D167020CC2A8}.Ad-Hoc|Any CPU.Build.0 = Release|Any CPU
		{140737E3-020B-4642-80B4-D167020CC2A8}.Ad-Hoc|Any CPU.Deploy.0 = Release|Any CPU
		{140737E3-020B-4642-80B4-D167020CC2A8}.Ad-Hoc|ARM.ActiveCfg = Release|Any CPU
		{140737E3-020B-4642-80B4-D167020CC2A8}.Ad-Hoc|ARM.Build.0 = Release|Any CPU
		{140737E3-020B-4642-80B4-D167020CC2A8}.Ad-Hoc|ARM.Deploy.0 = Release|Any CPU
		{140737E3-020B-4642-80B4-D167020CC2A8}.Ad-Hoc|iPhone.ActiveCfg = Release|Any CPU
		{140737E3-020B-4642-80B4-D167020CC2A8}.Ad-Hoc|iPhone.Build.0 = Release|Any CPU
		{140737E3-020B-4642-80B4-D167020CC2A8}.Ad-Hoc|iPhone.Deploy.0 = Release|Any CPU
		{140737E3-020B-4642-80B4-D167020CC2A8}.Ad-Hoc|iPhoneSimulator.ActiveCfg = Release|Any CPU
		{140737E3-020B-4642-80B4-D167020CC2A8}.Ad-Hoc|iPhoneSimulator.Build.0 = Release|Any CPU
		{140737E3-020B-4642-80B4-D167020CC2A8}.Ad-Hoc|iPhoneSimulator.Deploy.0 = Release|Any CPU
		{140737E3-020B-4642-80B4-D167020CC2A8}.Ad-Hoc|x64.ActiveCfg = Release|Any CPU
		{140737E3-020B-4642-80B4-D167020CC2A8}.Ad-Hoc|x64.Build.0 = Release|Any CPU
		{140737E3-020B-4642-80B4-D167020CC2A8}.Ad-Hoc|x64.Deploy.0 = Release|Any CPU
		{140737E3-020B-4642-80B4-D167020CC2A8}.Ad-Hoc|x86.ActiveCfg = Release|Any CPU
		{140737E3-020B-4642-80B4-D167020CC2A8}.Ad-Hoc|x86.Build.0 = Release|Any CPU
		{140737E3-020B-4642-80B4-D167020CC2A8}.Ad-Hoc|x86.Deploy.0 = Release|Any CPU
		{140737E3-020B-4642-80B4-D167020CC2A8}.AppStore|Any CPU.ActiveCfg = Release|Any CPU
		{140737E3-020B-4642-80B4-D167020CC2A8}.AppStore|Any CPU.Build.0 = Release|Any CPU
		{140737E3-020B-4642-80B4-D167020CC2A8}.AppStore|Any CPU.Deploy.0 = Release|Any CPU
		{140737E3-020B-4642-80B4-D167020CC2A8}.AppStore|ARM.ActiveCfg = Release|Any CPU
		{140737E3-020B-4642-80B4-D167020CC2A8}.AppStore|ARM.Build.0 = Release|Any CPU
		{140737E3-020B-4642-80B4-D167020CC2A8}.AppStore|ARM.Deploy.0 = Release|Any CPU
		{140737E3-020B-4642-80B4-D167020CC2A8}.AppStore|iPhone.ActiveCfg = Release|Any CPU
		{140737E3-020B-4642-80B4-D167020CC2A8}.AppStore|iPhone.Build.0 = Release|Any CPU
		{140737E3-020B-4642-80B4-D167020CC2A8}.AppStore|iPhone.Deploy.0 = Release|Any CPU
		{140737E3-020B-4642-80B4-D167020CC2A8}.AppStore|iPhoneSimulator.ActiveCfg = Release|Any CPU
		{140737E3-020B-4642-80B4-D167020CC2A8}.AppStore|iPhoneSimulator.Build.0 = Release|Any CPU
		{140737E3-020B-4642-80B4-D167020CC2A8}.AppStore|iPhoneSimulator.Deploy.0 = Release|Any CPU
		{140737E3-020B-4642-80B4-D167020CC2A8}.AppStore|x64.ActiveCfg = Release|Any CPU
		{140737E3-020B-4642-80B4-D167020CC2A8}.AppStore|x64.Build.0 = Release|Any CPU
		{140737E3-020B-4642-80B4-D167020CC2A8}.AppStore|x64.Deploy.0 = Release|Any CPU
		{140737E3-020B-4642-80B4-D167020CC2A8}.AppStore|x86.ActiveCfg = Release|Any CPU
		{140737E3-020B-4642-80B4-D167020CC2A8}.AppStore|x86.Build.0 = Release|Any CPU
		{140737E3-020B-4642-80B4-D167020CC2A8}.AppStore|x86.Deploy.0 = Release|Any CPU
		{140737E3-020B-4642-80B4-D167020CC2A8}.Debug|Any CPU.ActiveCfg = Debug|Any CPU
		{140737E3-020B-4642-80B4-D167020CC2A8}.Debug|Any CPU.Build.0 = Debug|Any CPU
		{140737E3-020B-4642-80B4-D167020CC2A8}.Debug|Any CPU.Deploy.0 = Debug|Any CPU
		{140737E3-020B-4642-80B4-D167020CC2A8}.Debug|ARM.ActiveCfg = Debug|Any CPU
		{140737E3-020B-4642-80B4-D167020CC2A8}.Debug|ARM.Build.0 = Debug|Any CPU
		{140737E3-020B-4642-80B4-D167020CC2A8}.Debug|ARM.Deploy.0 = Debug|Any CPU
		{140737E3-020B-4642-80B4-D167020CC2A8}.Debug|iPhone.ActiveCfg = Debug|Any CPU
		{140737E3-020B-4642-80B4-D167020CC2A8}.Debug|iPhone.Build.0 = Debug|Any CPU
		{140737E3-020B-4642-80B4-D167020CC2A8}.Debug|iPhone.Deploy.0 = Debug|Any CPU
		{140737E3-020B-4642-80B4-D167020CC2A8}.Debug|iPhoneSimulator.ActiveCfg = Debug|Any CPU
		{140737E3-020B-4642-80B4-D167020CC2A8}.Debug|iPhoneSimulator.Build.0 = Debug|Any CPU
		{140737E3-020B-4642-80B4-D167020CC2A8}.Debug|iPhoneSimulator.Deploy.0 = Debug|Any CPU
		{140737E3-020B-4642-80B4-D167020CC2A8}.Debug|x64.ActiveCfg = Debug|Any CPU
		{140737E3-020B-4642-80B4-D167020CC2A8}.Debug|x64.Build.0 = Debug|Any CPU
		{140737E3-020B-4642-80B4-D167020CC2A8}.Debug|x64.Deploy.0 = Debug|Any CPU
		{140737E3-020B-4642-80B4-D167020CC2A8}.Debug|x86.ActiveCfg = Debug|Any CPU
		{140737E3-020B-4642-80B4-D167020CC2A8}.Debug|x86.Build.0 = Debug|Any CPU
		{140737E3-020B-4642-80B4-D167020CC2A8}.Debug|x86.Deploy.0 = Debug|Any CPU
		{140737E3-020B-4642-80B4-D167020CC2A8}.Release|Any CPU.ActiveCfg = Release|Any CPU
		{140737E3-020B-4642-80B4-D167020CC2A8}.Release|Any CPU.Build.0 = Release|Any CPU
		{140737E3-020B-4642-80B4-D167020CC2A8}.Release|Any CPU.Deploy.0 = Release|Any CPU
		{140737E3-020B-4642-80B4-D167020CC2A8}.Release|ARM.ActiveCfg = Release|Any CPU
		{140737E3-020B-4642-80B4-D167020CC2A8}.Release|ARM.Build.0 = Release|Any CPU
		{140737E3-020B-4642-80B4-D167020CC2A8}.Release|ARM.Deploy.0 = Release|Any CPU
		{140737E3-020B-4642-80B4-D167020CC2A8}.Release|iPhone.ActiveCfg = Release|Any CPU
		{140737E3-020B-4642-80B4-D167020CC2A8}.Release|iPhone.Build.0 = Release|Any CPU
		{140737E3-020B-4642-80B4-D167020CC2A8}.Release|iPhone.Deploy.0 = Release|Any CPU
		{140737E3-020B-4642-80B4-D167020CC2A8}.Release|iPhoneSimulator.ActiveCfg = Release|Any CPU
		{140737E3-020B-4642-80B4-D167020CC2A8}.Release|iPhoneSimulator.Build.0 = Release|Any CPU
		{140737E3-020B-4642-80B4-D167020CC2A8}.Release|iPhoneSimulator.Deploy.0 = Release|Any CPU
		{140737E3-020B-4642-80B4-D167020CC2A8}.Release|x64.ActiveCfg = Release|Any CPU
		{140737E3-020B-4642-80B4-D167020CC2A8}.Release|x64.Build.0 = Release|Any CPU
		{140737E3-020B-4642-80B4-D167020CC2A8}.Release|x64.Deploy.0 = Release|Any CPU
		{140737E3-020B-4642-80B4-D167020CC2A8}.Release|x86.ActiveCfg = Release|Any CPU
		{140737E3-020B-4642-80B4-D167020CC2A8}.Release|x86.Build.0 = Release|Any CPU
		{140737E3-020B-4642-80B4-D167020CC2A8}.Release|x86.Deploy.0 = Release|Any CPU
		{33318E10-0148-47C4-B45F-6ECD5A2AFC2D}.Ad-Hoc|Any CPU.ActiveCfg = Ad-Hoc|iPhone
		{33318E10-0148-47C4-B45F-6ECD5A2AFC2D}.Ad-Hoc|ARM.ActiveCfg = Ad-Hoc|iPhone
		{33318E10-0148-47C4-B45F-6ECD5A2AFC2D}.Ad-Hoc|iPhone.ActiveCfg = Ad-Hoc|iPhone
		{33318E10-0148-47C4-B45F-6ECD5A2AFC2D}.Ad-Hoc|iPhone.Build.0 = Ad-Hoc|iPhone
		{33318E10-0148-47C4-B45F-6ECD5A2AFC2D}.Ad-Hoc|iPhoneSimulator.ActiveCfg = Ad-Hoc|iPhoneSimulator
		{33318E10-0148-47C4-B45F-6ECD5A2AFC2D}.Ad-Hoc|iPhoneSimulator.Build.0 = Ad-Hoc|iPhoneSimulator
		{33318E10-0148-47C4-B45F-6ECD5A2AFC2D}.Ad-Hoc|x64.ActiveCfg = Ad-Hoc|iPhone
		{33318E10-0148-47C4-B45F-6ECD5A2AFC2D}.Ad-Hoc|x86.ActiveCfg = Ad-Hoc|iPhone
		{33318E10-0148-47C4-B45F-6ECD5A2AFC2D}.AppStore|Any CPU.ActiveCfg = AppStore|iPhone
		{33318E10-0148-47C4-B45F-6ECD5A2AFC2D}.AppStore|ARM.ActiveCfg = AppStore|iPhone
		{33318E10-0148-47C4-B45F-6ECD5A2AFC2D}.AppStore|iPhone.ActiveCfg = AppStore|iPhone
		{33318E10-0148-47C4-B45F-6ECD5A2AFC2D}.AppStore|iPhone.Build.0 = AppStore|iPhone
		{33318E10-0148-47C4-B45F-6ECD5A2AFC2D}.AppStore|iPhoneSimulator.ActiveCfg = AppStore|iPhoneSimulator
		{33318E10-0148-47C4-B45F-6ECD5A2AFC2D}.AppStore|iPhoneSimulator.Build.0 = AppStore|iPhoneSimulator
		{33318E10-0148-47C4-B45F-6ECD5A2AFC2D}.AppStore|x64.ActiveCfg = AppStore|iPhone
		{33318E10-0148-47C4-B45F-6ECD5A2AFC2D}.AppStore|x86.ActiveCfg = AppStore|iPhone
		{33318E10-0148-47C4-B45F-6ECD5A2AFC2D}.Debug|Any CPU.ActiveCfg = Debug|iPhone
		{33318E10-0148-47C4-B45F-6ECD5A2AFC2D}.Debug|ARM.ActiveCfg = Debug|iPhone
		{33318E10-0148-47C4-B45F-6ECD5A2AFC2D}.Debug|iPhone.ActiveCfg = Debug|iPhone
		{33318E10-0148-47C4-B45F-6ECD5A2AFC2D}.Debug|iPhone.Build.0 = Debug|iPhone
		{33318E10-0148-47C4-B45F-6ECD5A2AFC2D}.Debug|iPhoneSimulator.ActiveCfg = Debug|iPhoneSimulator
		{33318E10-0148-47C4-B45F-6ECD5A2AFC2D}.Debug|iPhoneSimulator.Build.0 = Debug|iPhoneSimulator
		{33318E10-0148-47C4-B45F-6ECD5A2AFC2D}.Debug|x64.ActiveCfg = Debug|iPhone
		{33318E10-0148-47C4-B45F-6ECD5A2AFC2D}.Debug|x86.ActiveCfg = Debug|iPhone
		{33318E10-0148-47C4-B45F-6ECD5A2AFC2D}.Release|Any CPU.ActiveCfg = Release|iPhone
		{33318E10-0148-47C4-B45F-6ECD5A2AFC2D}.Release|ARM.ActiveCfg = Release|iPhone
		{33318E10-0148-47C4-B45F-6ECD5A2AFC2D}.Release|iPhone.ActiveCfg = Release|iPhone
		{33318E10-0148-47C4-B45F-6ECD5A2AFC2D}.Release|iPhone.Build.0 = Release|iPhone
		{33318E10-0148-47C4-B45F-6ECD5A2AFC2D}.Release|iPhoneSimulator.ActiveCfg = Release|iPhoneSimulator
		{33318E10-0148-47C4-B45F-6ECD5A2AFC2D}.Release|iPhoneSimulator.Build.0 = Release|iPhoneSimulator
		{33318E10-0148-47C4-B45F-6ECD5A2AFC2D}.Release|x64.ActiveCfg = Release|iPhone
		{33318E10-0148-47C4-B45F-6ECD5A2AFC2D}.Release|x86.ActiveCfg = Release|iPhone
		{4E27A6FF-3BB0-442B-856F-807800035201}.Ad-Hoc|Any CPU.ActiveCfg = Release|Any CPU
		{4E27A6FF-3BB0-442B-856F-807800035201}.Ad-Hoc|Any CPU.Build.0 = Release|Any CPU
		{4E27A6FF-3BB0-442B-856F-807800035201}.Ad-Hoc|Any CPU.Deploy.0 = Release|Any CPU
		{4E27A6FF-3BB0-442B-856F-807800035201}.Ad-Hoc|ARM.ActiveCfg = Release|ARM
		{4E27A6FF-3BB0-442B-856F-807800035201}.Ad-Hoc|ARM.Build.0 = Release|ARM
		{4E27A6FF-3BB0-442B-856F-807800035201}.Ad-Hoc|ARM.Deploy.0 = Release|ARM
		{4E27A6FF-3BB0-442B-856F-807800035201}.Ad-Hoc|iPhone.ActiveCfg = Release|Any CPU
		{4E27A6FF-3BB0-442B-856F-807800035201}.Ad-Hoc|iPhone.Build.0 = Release|Any CPU
		{4E27A6FF-3BB0-442B-856F-807800035201}.Ad-Hoc|iPhone.Deploy.0 = Release|Any CPU
		{4E27A6FF-3BB0-442B-856F-807800035201}.Ad-Hoc|iPhoneSimulator.ActiveCfg = Release|Any CPU
		{4E27A6FF-3BB0-442B-856F-807800035201}.Ad-Hoc|iPhoneSimulator.Build.0 = Release|Any CPU
		{4E27A6FF-3BB0-442B-856F-807800035201}.Ad-Hoc|iPhoneSimulator.Deploy.0 = Release|Any CPU
		{4E27A6FF-3BB0-442B-856F-807800035201}.Ad-Hoc|x64.ActiveCfg = Release|x64
		{4E27A6FF-3BB0-442B-856F-807800035201}.Ad-Hoc|x64.Build.0 = Release|x64
		{4E27A6FF-3BB0-442B-856F-807800035201}.Ad-Hoc|x64.Deploy.0 = Release|x64
		{4E27A6FF-3BB0-442B-856F-807800035201}.Ad-Hoc|x86.ActiveCfg = Release|x86
		{4E27A6FF-3BB0-442B-856F-807800035201}.Ad-Hoc|x86.Build.0 = Release|x86
		{4E27A6FF-3BB0-442B-856F-807800035201}.Ad-Hoc|x86.Deploy.0 = Release|x86
		{4E27A6FF-3BB0-442B-856F-807800035201}.AppStore|Any CPU.ActiveCfg = Release|Any CPU
		{4E27A6FF-3BB0-442B-856F-807800035201}.AppStore|Any CPU.Build.0 = Release|Any CPU
		{4E27A6FF-3BB0-442B-856F-807800035201}.AppStore|Any CPU.Deploy.0 = Release|Any CPU
		{4E27A6FF-3BB0-442B-856F-807800035201}.AppStore|ARM.ActiveCfg = Release|ARM
		{4E27A6FF-3BB0-442B-856F-807800035201}.AppStore|ARM.Build.0 = Release|ARM
		{4E27A6FF-3BB0-442B-856F-807800035201}.AppStore|ARM.Deploy.0 = Release|ARM
		{4E27A6FF-3BB0-442B-856F-807800035201}.AppStore|iPhone.ActiveCfg = Release|Any CPU
		{4E27A6FF-3BB0-442B-856F-807800035201}.AppStore|iPhone.Build.0 = Release|Any CPU
		{4E27A6FF-3BB0-442B-856F-807800035201}.AppStore|iPhone.Deploy.0 = Release|Any CPU
		{4E27A6FF-3BB0-442B-856F-807800035201}.AppStore|iPhoneSimulator.ActiveCfg = Release|Any CPU
		{4E27A6FF-3BB0-442B-856F-807800035201}.AppStore|iPhoneSimulator.Build.0 = Release|Any CPU
		{4E27A6FF-3BB0-442B-856F-807800035201}.AppStore|iPhoneSimulator.Deploy.0 = Release|Any CPU
		{4E27A6FF-3BB0-442B-856F-807800035201}.AppStore|x64.ActiveCfg = Release|x64
		{4E27A6FF-3BB0-442B-856F-807800035201}.AppStore|x64.Build.0 = Release|x64
		{4E27A6FF-3BB0-442B-856F-807800035201}.AppStore|x64.Deploy.0 = Release|x64
		{4E27A6FF-3BB0-442B-856F-807800035201}.AppStore|x86.ActiveCfg = Release|x86
		{4E27A6FF-3BB0-442B-856F-807800035201}.AppStore|x86.Build.0 = Release|x86
		{4E27A6FF-3BB0-442B-856F-807800035201}.AppStore|x86.Deploy.0 = Release|x86
		{4E27A6FF-3BB0-442B-856F-807800035201}.Debug|Any CPU.ActiveCfg = Debug|Any CPU
		{4E27A6FF-3BB0-442B-856F-807800035201}.Debug|Any CPU.Build.0 = Debug|Any CPU
		{4E27A6FF-3BB0-442B-856F-807800035201}.Debug|Any CPU.Deploy.0 = Debug|Any CPU
		{4E27A6FF-3BB0-442B-856F-807800035201}.Debug|ARM.ActiveCfg = Debug|ARM
		{4E27A6FF-3BB0-442B-856F-807800035201}.Debug|ARM.Build.0 = Debug|ARM
		{4E27A6FF-3BB0-442B-856F-807800035201}.Debug|ARM.Deploy.0 = Debug|ARM
		{4E27A6FF-3BB0-442B-856F-807800035201}.Debug|iPhone.ActiveCfg = Debug|Any CPU
		{4E27A6FF-3BB0-442B-856F-807800035201}.Debug|iPhone.Build.0 = Debug|Any CPU
		{4E27A6FF-3BB0-442B-856F-807800035201}.Debug|iPhone.Deploy.0 = Debug|Any CPU
		{4E27A6FF-3BB0-442B-856F-807800035201}.Debug|iPhoneSimulator.ActiveCfg = Debug|Any CPU
		{4E27A6FF-3BB0-442B-856F-807800035201}.Debug|iPhoneSimulator.Build.0 = Debug|Any CPU
		{4E27A6FF-3BB0-442B-856F-807800035201}.Debug|iPhoneSimulator.Deploy.0 = Debug|Any CPU
		{4E27A6FF-3BB0-442B-856F-807800035201}.Debug|x64.ActiveCfg = Debug|x64
		{4E27A6FF-3BB0-442B-856F-807800035201}.Debug|x64.Build.0 = Debug|x64
		{4E27A6FF-3BB0-442B-856F-807800035201}.Debug|x64.Deploy.0 = Debug|x64
		{4E27A6FF-3BB0-442B-856F-807800035201}.Debug|x86.ActiveCfg = Debug|x86
		{4E27A6FF-3BB0-442B-856F-807800035201}.Debug|x86.Build.0 = Debug|x86
		{4E27A6FF-3BB0-442B-856F-807800035201}.Debug|x86.Deploy.0 = Debug|x86
		{4E27A6FF-3BB0-442B-856F-807800035201}.Release|Any CPU.ActiveCfg = Release|Any CPU
		{4E27A6FF-3BB0-442B-856F-807800035201}.Release|Any CPU.Build.0 = Release|Any CPU
		{4E27A6FF-3BB0-442B-856F-807800035201}.Release|Any CPU.Deploy.0 = Release|Any CPU
		{4E27A6FF-3BB0-442B-856F-807800035201}.Release|ARM.ActiveCfg = Release|ARM
		{4E27A6FF-3BB0-442B-856F-807800035201}.Release|ARM.Build.0 = Release|ARM
		{4E27A6FF-3BB0-442B-856F-807800035201}.Release|ARM.Deploy.0 = Release|ARM
		{4E27A6FF-3BB0-442B-856F-807800035201}.Release|iPhone.ActiveCfg = Release|Any CPU
		{4E27A6FF-3BB0-442B-856F-807800035201}.Release|iPhone.Build.0 = Release|Any CPU
		{4E27A6FF-3BB0-442B-856F-807800035201}.Release|iPhone.Deploy.0 = Release|Any CPU
		{4E27A6FF-3BB0-442B-856F-807800035201}.Release|iPhoneSimulator.ActiveCfg = Release|Any CPU
		{4E27A6FF-3BB0-442B-856F-807800035201}.Release|iPhoneSimulator.Build.0 = Release|Any CPU
		{4E27A6FF-3BB0-442B-856F-807800035201}.Release|iPhoneSimulator.Deploy.0 = Release|Any CPU
		{4E27A6FF-3BB0-442B-856F-807800035201}.Release|x64.ActiveCfg = Release|x64
		{4E27A6FF-3BB0-442B-856F-807800035201}.Release|x64.Build.0 = Release|x64
		{4E27A6FF-3BB0-442B-856F-807800035201}.Release|x64.Deploy.0 = Release|x64
		{4E27A6FF-3BB0-442B-856F-807800035201}.Release|x86.ActiveCfg = Release|x86
		{4E27A6FF-3BB0-442B-856F-807800035201}.Release|x86.Build.0 = Release|x86
		{4E27A6FF-3BB0-442B-856F-807800035201}.Release|x86.Deploy.0 = Release|x86
		{0B5DA5AD-8D24-4ED3-B0C0-369BD838B241}.Ad-Hoc|Any CPU.ActiveCfg = Release|Any CPU
		{0B5DA5AD-8D24-4ED3-B0C0-369BD838B241}.Ad-Hoc|Any CPU.Build.0 = Release|Any CPU
		{0B5DA5AD-8D24-4ED3-B0C0-369BD838B241}.Ad-Hoc|Any CPU.Deploy.0 = Release|Any CPU
		{0B5DA5AD-8D24-4ED3-B0C0-369BD838B241}.Ad-Hoc|ARM.ActiveCfg = Release|ARM
		{0B5DA5AD-8D24-4ED3-B0C0-369BD838B241}.Ad-Hoc|ARM.Build.0 = Release|ARM
		{0B5DA5AD-8D24-4ED3-B0C0-369BD838B241}.Ad-Hoc|ARM.Deploy.0 = Release|ARM
		{0B5DA5AD-8D24-4ED3-B0C0-369BD838B241}.Ad-Hoc|iPhone.ActiveCfg = Release|Any CPU
		{0B5DA5AD-8D24-4ED3-B0C0-369BD838B241}.Ad-Hoc|iPhone.Build.0 = Release|Any CPU
		{0B5DA5AD-8D24-4ED3-B0C0-369BD838B241}.Ad-Hoc|iPhone.Deploy.0 = Release|Any CPU
		{0B5DA5AD-8D24-4ED3-B0C0-369BD838B241}.Ad-Hoc|iPhoneSimulator.ActiveCfg = Release|Any CPU
		{0B5DA5AD-8D24-4ED3-B0C0-369BD838B241}.Ad-Hoc|iPhoneSimulator.Build.0 = Release|Any CPU
		{0B5DA5AD-8D24-4ED3-B0C0-369BD838B241}.Ad-Hoc|iPhoneSimulator.Deploy.0 = Release|Any CPU
		{0B5DA5AD-8D24-4ED3-B0C0-369BD838B241}.Ad-Hoc|x64.ActiveCfg = Release|Any CPU
		{0B5DA5AD-8D24-4ED3-B0C0-369BD838B241}.Ad-Hoc|x64.Build.0 = Release|Any CPU
		{0B5DA5AD-8D24-4ED3-B0C0-369BD838B241}.Ad-Hoc|x64.Deploy.0 = Release|Any CPU
		{0B5DA5AD-8D24-4ED3-B0C0-369BD838B241}.Ad-Hoc|x86.ActiveCfg = Release|x86
		{0B5DA5AD-8D24-4ED3-B0C0-369BD838B241}.Ad-Hoc|x86.Build.0 = Release|x86
		{0B5DA5AD-8D24-4ED3-B0C0-369BD838B241}.Ad-Hoc|x86.Deploy.0 = Release|x86
		{0B5DA5AD-8D24-4ED3-B0C0-369BD838B241}.AppStore|Any CPU.ActiveCfg = Release|Any CPU
		{0B5DA5AD-8D24-4ED3-B0C0-369BD838B241}.AppStore|Any CPU.Build.0 = Release|Any CPU
		{0B5DA5AD-8D24-4ED3-B0C0-369BD838B241}.AppStore|Any CPU.Deploy.0 = Release|Any CPU
		{0B5DA5AD-8D24-4ED3-B0C0-369BD838B241}.AppStore|ARM.ActiveCfg = Release|ARM
		{0B5DA5AD-8D24-4ED3-B0C0-369BD838B241}.AppStore|ARM.Build.0 = Release|ARM
		{0B5DA5AD-8D24-4ED3-B0C0-369BD838B241}.AppStore|ARM.Deploy.0 = Release|ARM
		{0B5DA5AD-8D24-4ED3-B0C0-369BD838B241}.AppStore|iPhone.ActiveCfg = Release|Any CPU
		{0B5DA5AD-8D24-4ED3-B0C0-369BD838B241}.AppStore|iPhone.Build.0 = Release|Any CPU
		{0B5DA5AD-8D24-4ED3-B0C0-369BD838B241}.AppStore|iPhone.Deploy.0 = Release|Any CPU
		{0B5DA5AD-8D24-4ED3-B0C0-369BD838B241}.AppStore|iPhoneSimulator.ActiveCfg = Release|Any CPU
		{0B5DA5AD-8D24-4ED3-B0C0-369BD838B241}.AppStore|iPhoneSimulator.Build.0 = Release|Any CPU
		{0B5DA5AD-8D24-4ED3-B0C0-369BD838B241}.AppStore|iPhoneSimulator.Deploy.0 = Release|Any CPU
		{0B5DA5AD-8D24-4ED3-B0C0-369BD838B241}.AppStore|x64.ActiveCfg = Release|Any CPU
		{0B5DA5AD-8D24-4ED3-B0C0-369BD838B241}.AppStore|x64.Build.0 = Release|Any CPU
		{0B5DA5AD-8D24-4ED3-B0C0-369BD838B241}.AppStore|x64.Deploy.0 = Release|Any CPU
		{0B5DA5AD-8D24-4ED3-B0C0-369BD838B241}.AppStore|x86.ActiveCfg = Release|x86
		{0B5DA5AD-8D24-4ED3-B0C0-369BD838B241}.AppStore|x86.Build.0 = Release|x86
		{0B5DA5AD-8D24-4ED3-B0C0-369BD838B241}.AppStore|x86.Deploy.0 = Release|x86
		{0B5DA5AD-8D24-4ED3-B0C0-369BD838B241}.Debug|Any CPU.ActiveCfg = Debug|Any CPU
		{0B5DA5AD-8D24-4ED3-B0C0-369BD838B241}.Debug|Any CPU.Build.0 = Debug|Any CPU
		{0B5DA5AD-8D24-4ED3-B0C0-369BD838B241}.Debug|Any CPU.Deploy.0 = Debug|Any CPU
		{0B5DA5AD-8D24-4ED3-B0C0-369BD838B241}.Debug|ARM.ActiveCfg = Debug|ARM
		{0B5DA5AD-8D24-4ED3-B0C0-369BD838B241}.Debug|ARM.Build.0 = Debug|ARM
		{0B5DA5AD-8D24-4ED3-B0C0-369BD838B241}.Debug|ARM.Deploy.0 = Debug|ARM
		{0B5DA5AD-8D24-4ED3-B0C0-369BD838B241}.Debug|iPhone.ActiveCfg = Debug|Any CPU
		{0B5DA5AD-8D24-4ED3-B0C0-369BD838B241}.Debug|iPhone.Build.0 = Debug|Any CPU
		{0B5DA5AD-8D24-4ED3-B0C0-369BD838B241}.Debug|iPhone.Deploy.0 = Debug|Any CPU
		{0B5DA5AD-8D24-4ED3-B0C0-369BD838B241}.Debug|iPhoneSimulator.ActiveCfg = Debug|Any CPU
		{0B5DA5AD-8D24-4ED3-B0C0-369BD838B241}.Debug|iPhoneSimulator.Build.0 = Debug|Any CPU
		{0B5DA5AD-8D24-4ED3-B0C0-369BD838B241}.Debug|iPhoneSimulator.Deploy.0 = Debug|Any CPU
		{0B5DA5AD-8D24-4ED3-B0C0-369BD838B241}.Debug|x64.ActiveCfg = Debug|Any CPU
		{0B5DA5AD-8D24-4ED3-B0C0-369BD838B241}.Debug|x64.Build.0 = Debug|Any CPU
		{0B5DA5AD-8D24-4ED3-B0C0-369BD838B241}.Debug|x64.Deploy.0 = Debug|Any CPU
		{0B5DA5AD-8D24-4ED3-B0C0-369BD838B241}.Debug|x86.ActiveCfg = Debug|x86
		{0B5DA5AD-8D24-4ED3-B0C0-369BD838B241}.Debug|x86.Build.0 = Debug|x86
		{0B5DA5AD-8D24-4ED3-B0C0-369BD838B241}.Debug|x86.Deploy.0 = Debug|x86
		{0B5DA5AD-8D24-4ED3-B0C0-369BD838B241}.Release|Any CPU.ActiveCfg = Release|Any CPU
		{0B5DA5AD-8D24-4ED3-B0C0-369BD838B241}.Release|Any CPU.Build.0 = Release|Any CPU
		{0B5DA5AD-8D24-4ED3-B0C0-369BD838B241}.Release|Any CPU.Deploy.0 = Release|Any CPU
		{0B5DA5AD-8D24-4ED3-B0C0-369BD838B241}.Release|ARM.ActiveCfg = Release|ARM
		{0B5DA5AD-8D24-4ED3-B0C0-369BD838B241}.Release|ARM.Build.0 = Release|ARM
		{0B5DA5AD-8D24-4ED3-B0C0-369BD838B241}.Release|ARM.Deploy.0 = Release|ARM
		{0B5DA5AD-8D24-4ED3-B0C0-369BD838B241}.Release|iPhone.ActiveCfg = Release|Any CPU
		{0B5DA5AD-8D24-4ED3-B0C0-369BD838B241}.Release|iPhone.Build.0 = Release|Any CPU
		{0B5DA5AD-8D24-4ED3-B0C0-369BD838B241}.Release|iPhone.Deploy.0 = Release|Any CPU
		{0B5DA5AD-8D24-4ED3-B0C0-369BD838B241}.Release|iPhoneSimulator.ActiveCfg = Release|Any CPU
		{0B5DA5AD-8D24-4ED3-B0C0-369BD838B241}.Release|iPhoneSimulator.Build.0 = Release|Any CPU
		{0B5DA5AD-8D24-4ED3-B0C0-369BD838B241}.Release|iPhoneSimulator.Deploy.0 = Release|Any CPU
		{0B5DA5AD-8D24-4ED3-B0C0-369BD838B241}.Release|x64.ActiveCfg = Release|Any CPU
		{0B5DA5AD-8D24-4ED3-B0C0-369BD838B241}.Release|x64.Build.0 = Release|Any CPU
		{0B5DA5AD-8D24-4ED3-B0C0-369BD838B241}.Release|x64.Deploy.0 = Release|Any CPU
		{0B5DA5AD-8D24-4ED3-B0C0-369BD838B241}.Release|x86.ActiveCfg = Release|x86
		{0B5DA5AD-8D24-4ED3-B0C0-369BD838B241}.Release|x86.Build.0 = Release|x86
		{0B5DA5AD-8D24-4ED3-B0C0-369BD838B241}.Release|x86.Deploy.0 = Release|x86
		{6FAC03C7-8782-49D2-8AF0-D493814B04E9}.Ad-Hoc|Any CPU.ActiveCfg = Debug|Any CPU
		{6FAC03C7-8782-49D2-8AF0-D493814B04E9}.Ad-Hoc|Any CPU.Build.0 = Debug|Any CPU
		{6FAC03C7-8782-49D2-8AF0-D493814B04E9}.Ad-Hoc|ARM.ActiveCfg = Debug|Any CPU
		{6FAC03C7-8782-49D2-8AF0-D493814B04E9}.Ad-Hoc|ARM.Build.0 = Debug|Any CPU
		{6FAC03C7-8782-49D2-8AF0-D493814B04E9}.Ad-Hoc|iPhone.ActiveCfg = Debug|Any CPU
		{6FAC03C7-8782-49D2-8AF0-D493814B04E9}.Ad-Hoc|iPhone.Build.0 = Debug|Any CPU
		{6FAC03C7-8782-49D2-8AF0-D493814B04E9}.Ad-Hoc|iPhoneSimulator.ActiveCfg = Debug|Any CPU
		{6FAC03C7-8782-49D2-8AF0-D493814B04E9}.Ad-Hoc|iPhoneSimulator.Build.0 = Debug|Any CPU
		{6FAC03C7-8782-49D2-8AF0-D493814B04E9}.Ad-Hoc|x64.ActiveCfg = Debug|Any CPU
		{6FAC03C7-8782-49D2-8AF0-D493814B04E9}.Ad-Hoc|x64.Build.0 = Debug|Any CPU
		{6FAC03C7-8782-49D2-8AF0-D493814B04E9}.Ad-Hoc|x86.ActiveCfg = Debug|Any CPU
		{6FAC03C7-8782-49D2-8AF0-D493814B04E9}.Ad-Hoc|x86.Build.0 = Debug|Any CPU
		{6FAC03C7-8782-49D2-8AF0-D493814B04E9}.AppStore|Any CPU.ActiveCfg = Debug|Any CPU
		{6FAC03C7-8782-49D2-8AF0-D493814B04E9}.AppStore|Any CPU.Build.0 = Debug|Any CPU
		{6FAC03C7-8782-49D2-8AF0-D493814B04E9}.AppStore|ARM.ActiveCfg = Debug|Any CPU
		{6FAC03C7-8782-49D2-8AF0-D493814B04E9}.AppStore|ARM.Build.0 = Debug|Any CPU
		{6FAC03C7-8782-49D2-8AF0-D493814B04E9}.AppStore|iPhone.ActiveCfg = Debug|Any CPU
		{6FAC03C7-8782-49D2-8AF0-D493814B04E9}.AppStore|iPhone.Build.0 = Debug|Any CPU
		{6FAC03C7-8782-49D2-8AF0-D493814B04E9}.AppStore|iPhoneSimulator.ActiveCfg = Debug|Any CPU
		{6FAC03C7-8782-49D2-8AF0-D493814B04E9}.AppStore|iPhoneSimulator.Build.0 = Debug|Any CPU
		{6FAC03C7-8782-49D2-8AF0-D493814B04E9}.AppStore|x64.ActiveCfg = Debug|Any CPU
		{6FAC03C7-8782-49D2-8AF0-D493814B04E9}.AppStore|x64.Build.0 = Debug|Any CPU
		{6FAC03C7-8782-49D2-8AF0-D493814B04E9}.AppStore|x86.ActiveCfg = Debug|Any CPU
		{6FAC03C7-8782-49D2-8AF0-D493814B04E9}.AppStore|x86.Build.0 = Debug|Any CPU
		{6FAC03C7-8782-49D2-8AF0-D493814B04E9}.Debug|Any CPU.ActiveCfg = Debug|Any CPU
		{6FAC03C7-8782-49D2-8AF0-D493814B04E9}.Debug|Any CPU.Build.0 = Debug|Any CPU
		{6FAC03C7-8782-49D2-8AF0-D493814B04E9}.Debug|ARM.ActiveCfg = Debug|Any CPU
		{6FAC03C7-8782-49D2-8AF0-D493814B04E9}.Debug|ARM.Build.0 = Debug|Any CPU
		{6FAC03C7-8782-49D2-8AF0-D493814B04E9}.Debug|iPhone.ActiveCfg = Debug|Any CPU
		{6FAC03C7-8782-49D2-8AF0-D493814B04E9}.Debug|iPhone.Build.0 = Debug|Any CPU
		{6FAC03C7-8782-49D2-8AF0-D493814B04E9}.Debug|iPhoneSimulator.ActiveCfg = Debug|Any CPU
		{6FAC03C7-8782-49D2-8AF0-D493814B04E9}.Debug|iPhoneSimulator.Build.0 = Debug|Any CPU
		{6FAC03C7-8782-49D2-8AF0-D493814B04E9}.Debug|x64.ActiveCfg = Debug|Any CPU
		{6FAC03C7-8782-49D2-8AF0-D493814B04E9}.Debug|x64.Build.0 = Debug|Any CPU
		{6FAC03C7-8782-49D2-8AF0-D493814B04E9}.Debug|x86.ActiveCfg = Debug|Any CPU
		{6FAC03C7-8782-49D2-8AF0-D493814B04E9}.Debug|x86.Build.0 = Debug|Any CPU
		{6FAC03C7-8782-49D2-8AF0-D493814B04E9}.Release|Any CPU.ActiveCfg = Release|Any CPU
		{6FAC03C7-8782-49D2-8AF0-D493814B04E9}.Release|Any CPU.Build.0 = Release|Any CPU
		{6FAC03C7-8782-49D2-8AF0-D493814B04E9}.Release|ARM.ActiveCfg = Release|Any CPU
		{6FAC03C7-8782-49D2-8AF0-D493814B04E9}.Release|ARM.Build.0 = Release|Any CPU
		{6FAC03C7-8782-49D2-8AF0-D493814B04E9}.Release|iPhone.ActiveCfg = Release|Any CPU
		{6FAC03C7-8782-49D2-8AF0-D493814B04E9}.Release|iPhone.Build.0 = Release|Any CPU
		{6FAC03C7-8782-49D2-8AF0-D493814B04E9}.Release|iPhoneSimulator.ActiveCfg = Release|Any CPU
		{6FAC03C7-8782-49D2-8AF0-D493814B04E9}.Release|iPhoneSimulator.Build.0 = Release|Any CPU
		{6FAC03C7-8782-49D2-8AF0-D493814B04E9}.Release|x64.ActiveCfg = Release|Any CPU
		{6FAC03C7-8782-49D2-8AF0-D493814B04E9}.Release|x64.Build.0 = Release|Any CPU
		{6FAC03C7-8782-49D2-8AF0-D493814B04E9}.Release|x86.ActiveCfg = Release|Any CPU
		{6FAC03C7-8782-49D2-8AF0-D493814B04E9}.Release|x86.Build.0 = Release|Any CPU
	EndGlobalSection
	GlobalSection(SolutionProperties) = preSolution
		HideSolutionNode = FALSE
	EndGlobalSection
	GlobalSection(NestedProjects) = preSolution
		{5FB43763-5FF7-4415-9E56-5E8700653D8E} = {D712E719-37C6-498B-9B87-8F9017A026D8}
		{4E27A6FF-3BB0-442B-856F-807800035201} = {D712E719-37C6-498B-9B87-8F9017A026D8}
		{0B5DA5AD-8D24-4ED3-B0C0-369BD838B241} = {D712E719-37C6-498B-9B87-8F9017A026D8}
	EndGlobalSection
	GlobalSection(ExtensibilityGlobals) = postSolution
		SolutionGuid = {7AC4CAB1-9D87-4D42-A629-255AEEFAE0A4}
	EndGlobalSection
EndGlobal
